
Microsoft Visual Studio Solution File, Format Version 12.00
Project("{FAE04EC0-301F-11D3-BF4B-00C04F79EFBC}") = "AccountCsvProcessing", "AccountCsvProcessing\AccountCsvProcessing.csproj", "{02D4A606-F565-4ECB-A6C2-70C65C342EED}"
EndProject
Global
	GlobalSection(SolutionConfigurationPlatforms) = preSolution
		Debug|Any CPU = Debug|Any CPU
		Release|Any CPU = Release|Any CPU
	EndGlobalSection
	GlobalSection(ProjectConfigurationPlatforms) = postSolution
		{02D4A606-F565-4ECB-A6C2-70C65C342EED}.Debug|Any CPU.ActiveCfg = Debug|Any CPU
		{02D4A606-F565-4ECB-A6C2-70C65C342EED}.Debug|Any CPU.Build.0 = Debug|Any CPU
		{02D4A606-F565-4ECB-A6C2-70C65C342EED}.Release|Any CPU.ActiveCfg = Release|Any CPU
		{02D4A606-F565-4ECB-A6C2-70C65C342EED}.Release|Any CPU.Build.0 = Release|Any CPU
	EndGlobalSection
EndGlobal
